
Microsoft Visual Studio Solution File, Format Version 12.00
# Visual Studio 15
VisualStudioVersion = 15.0.26730.16
MinimumVisualStudioVersion = 10.0.40219.1
Project("{FAE04EC0-301F-11D3-BF4B-00C04F79EFBC}") = "WebApplication1", "WebApplication1\WebApplication1.csproj", "{C5AFAC73-04A1-4356-9560-D41BDDC66AD8}"
EndProject
Global
	GlobalSection(SolutionConfigurationPlatforms) = preSolution
		Debug|Any CPU = Debug|Any CPU
		Release|Any CPU = Release|Any CPU
	EndGlobalSection
	GlobalSection(ProjectConfigurationPlatforms) = postSolution
		{C5AFAC73-04A1-4356-9560-D41BDDC66AD8}.Debug|Any CPU.ActiveCfg = Debug|Any CPU
		{C5AFAC73-04A1-4356-9560-D41BDDC66AD8}.Debug|Any CPU.Build.0 = Debug|Any CPU
		{C5AFAC73-04A1-4356-9560-D41BDDC66AD8}.Release|Any CPU.ActiveCfg = Release|Any CPU
		{C5AFAC73-04A1-4356-9560-D41BDDC66AD8}.Release|Any CPU.Build.0 = Release|Any CPU
	EndGlobalSection
	GlobalSection(SolutionProperties) = preSolution
		HideSolutionNode = FALSE
	EndGlobalSection
	GlobalSection(ExtensibilityGlobals) = postSolution
		SolutionGuid = {1DC8A328-FF2D-41F7-9D97-F2B16DBD6F00}
	EndGlobalSection
EndGlobal
