
Microsoft Visual Studio Solution File, Format Version 12.00
# Visual Studio 15
VisualStudioVersion = 15.0.26730.16
MinimumVisualStudioVersion = 10.0.40219.1
Project("{FAE04EC0-301F-11D3-BF4B-00C04F79EFBC}") = "testeWEBForm", "testeWEBForm\testeWEBForm.csproj", "{EA01F835-3CF5-4502-B110-75407D1AD6F6}"
EndProject
Global
	GlobalSection(SolutionConfigurationPlatforms) = preSolution
		Debug|Any CPU = Debug|Any CPU
		Release|Any CPU = Release|Any CPU
	EndGlobalSection
	GlobalSection(ProjectConfigurationPlatforms) = postSolution
		{EA01F835-3CF5-4502-B110-75407D1AD6F6}.Debug|Any CPU.ActiveCfg = Debug|Any CPU
		{EA01F835-3CF5-4502-B110-75407D1AD6F6}.Debug|Any CPU.Build.0 = Debug|Any CPU
		{EA01F835-3CF5-4502-B110-75407D1AD6F6}.Release|Any CPU.ActiveCfg = Release|Any CPU
		{EA01F835-3CF5-4502-B110-75407D1AD6F6}.Release|Any CPU.Build.0 = Release|Any CPU
	EndGlobalSection
	GlobalSection(SolutionProperties) = preSolution
		HideSolutionNode = FALSE
	EndGlobalSection
	GlobalSection(ExtensibilityGlobals) = postSolution
		SolutionGuid = {2838DAE7-541E-4675-A4C1-26D42EB5EB5C}
	EndGlobalSection
EndGlobal
